
Microsoft Visual Studio Solution File, Format Version 12.00
# Visual Studio Version 16
VisualStudioVersion = 16.0.32126.315
MinimumVisualStudioVersion = 10.0.40219.1
Project("{9A19103F-16F7-4668-BE54-9A1E7A4F7556}") = "01. Sign of Integer Numbers", "01. Sign of Integer Numbers\01. Sign of Integer Numbers.csproj", "{F9EAFEAC-031D-461D-A874-605091ACF939}"
EndProject
Project("{9A19103F-16F7-4668-BE54-9A1E7A4F7556}") = "02. Grades", "02. Grades\02. Grades.csproj", "{DA3B45AC-1385-414B-A991-A8D436E65EC8}"
EndProject
Project("{9A19103F-16F7-4668-BE54-9A1E7A4F7556}") = "04. Printing Triangle", "04. Printing Triangle\04. Printing Triangle.csproj", "{3D45A0E7-C696-4934-B480-A552CEFA6359}"
EndProject
Project("{9A19103F-16F7-4668-BE54-9A1E7A4F7556}") = "06. Calculate Rectangle Area", "06. Calculate Rectangle Area\06. Calculate Rectangle Area.csproj", "{E6926E7D-11C3-4752-9A86-E1BB4E5A30B1}"
EndProject
Project("{9A19103F-16F7-4668-BE54-9A1E7A4F7556}") = "07. Repeat String", "07. Repeat String\07. Repeat String.csproj", "{CEC3A088-6035-4116-9D73-3E0493CEBFC8}"
EndProject
Project("{FAE04EC0-301F-11D3-BF4B-00C04F79EFBC}") = "08. Math Power", "08. Math Power\08. Math Power.csproj", "{CFCBDD39-A918-4E7E-AE60-7E25F39E4399}"
EndProject
Project("{FAE04EC0-301F-11D3-BF4B-00C04F79EFBC}") = "09. Greater of Two Values", "09. Greater of Two Values\09. Greater of Two Values.csproj", "{80A45AC3-678F-4ECF-BB5E-3CF5BD5C2959}"
EndProject
Project("{FAE04EC0-301F-11D3-BF4B-00C04F79EFBC}") = "10. Multiply Evens by Odds", "10. Multiply Evens by Odds\10. Multiply Evens by Odds.csproj", "{7E1C440D-5A25-410E-93A2-1D8050FE7A5B}"
EndProject
Project("{FAE04EC0-301F-11D3-BF4B-00C04F79EFBC}") = "03. Calculations", "03. Calculations\03. Calculations.csproj", "{36A92953-F5BA-4EF6-A014-8A74B57C4EC1}"
EndProject
Project("{FAE04EC0-301F-11D3-BF4B-00C04F79EFBC}") = "05. Orders", "05. Orders\05. Orders.csproj", "{22ED6D99-3B7E-4F69-BEC9-754DFEB744BF}"
EndProject
Global
	GlobalSection(SolutionConfigurationPlatforms) = preSolution
		Debug|Any CPU = Debug|Any CPU
		Release|Any CPU = Release|Any CPU
	EndGlobalSection
	GlobalSection(ProjectConfigurationPlatforms) = postSolution
		{F9EAFEAC-031D-461D-A874-605091ACF939}.Debug|Any CPU.ActiveCfg = Debug|Any CPU
		{F9EAFEAC-031D-461D-A874-605091ACF939}.Debug|Any CPU.Build.0 = Debug|Any CPU
		{F9EAFEAC-031D-461D-A874-605091ACF939}.Release|Any CPU.ActiveCfg = Release|Any CPU
		{F9EAFEAC-031D-461D-A874-605091ACF939}.Release|Any CPU.Build.0 = Release|Any CPU
		{DA3B45AC-1385-414B-A991-A8D436E65EC8}.Debug|Any CPU.ActiveCfg = Debug|Any CPU
		{DA3B45AC-1385-414B-A991-A8D436E65EC8}.Debug|Any CPU.Build.0 = Debug|Any CPU
		{DA3B45AC-1385-414B-A991-A8D436E65EC8}.Release|Any CPU.ActiveCfg = Release|Any CPU
		{DA3B45AC-1385-414B-A991-A8D436E65EC8}.Release|Any CPU.Build.0 = Release|Any CPU
		{3D45A0E7-C696-4934-B480-A552CEFA6359}.Debug|Any CPU.ActiveCfg = Debug|Any CPU
		{3D45A0E7-C696-4934-B480-A552CEFA6359}.Debug|Any CPU.Build.0 = Debug|Any CPU
		{3D45A0E7-C696-4934-B480-A552CEFA6359}.Release|Any CPU.ActiveCfg = Release|Any CPU
		{3D45A0E7-C696-4934-B480-A552CEFA6359}.Release|Any CPU.Build.0 = Release|Any CPU
		{E6926E7D-11C3-4752-9A86-E1BB4E5A30B1}.Debug|Any CPU.ActiveCfg = Debug|Any CPU
		{E6926E7D-11C3-4752-9A86-E1BB4E5A30B1}.Debug|Any CPU.Build.0 = Debug|Any CPU
		{E6926E7D-11C3-4752-9A86-E1BB4E5A30B1}.Release|Any CPU.ActiveCfg = Release|Any CPU
		{E6926E7D-11C3-4752-9A86-E1BB4E5A30B1}.Release|Any CPU.Build.0 = Release|Any CPU
		{CEC3A088-6035-4116-9D73-3E0493CEBFC8}.Debug|Any CPU.ActiveCfg = Debug|Any CPU
		{CEC3A088-6035-4116-9D73-3E0493CEBFC8}.Debug|Any CPU.Build.0 = Debug|Any CPU
		{CEC3A088-6035-4116-9D73-3E0493CEBFC8}.Release|Any CPU.ActiveCfg = Release|Any CPU
		{CEC3A088-6035-4116-9D73-3E0493CEBFC8}.Release|Any CPU.Build.0 = Release|Any CPU
		{CFCBDD39-A918-4E7E-AE60-7E25F39E4399}.Debug|Any CPU.ActiveCfg = Debug|Any CPU
		{CFCBDD39-A918-4E7E-AE60-7E25F39E4399}.Debug|Any CPU.Build.0 = Debug|Any CPU
		{CFCBDD39-A918-4E7E-AE60-7E25F39E4399}.Release|Any CPU.ActiveCfg = Release|Any CPU
		{CFCBDD39-A918-4E7E-AE60-7E25F39E4399}.Release|Any CPU.Build.0 = Release|Any CPU
		{80A45AC3-678F-4ECF-BB5E-3CF5BD5C2959}.Debug|Any CPU.ActiveCfg = Debug|Any CPU
		{80A45AC3-678F-4ECF-BB5E-3CF5BD5C2959}.Debug|Any CPU.Build.0 = Debug|Any CPU
		{80A45AC3-678F-4ECF-BB5E-3CF5BD5C2959}.Release|Any CPU.ActiveCfg = Release|Any CPU
		{80A45AC3-678F-4ECF-BB5E-3CF5BD5C2959}.Release|Any CPU.Build.0 = Release|Any CPU
		{7E1C440D-5A25-410E-93A2-1D8050FE7A5B}.Debug|Any CPU.ActiveCfg = Debug|Any CPU
		{7E1C440D-5A25-410E-93A2-1D8050FE7A5B}.Debug|Any CPU.Build.0 = Debug|Any CPU
		{7E1C440D-5A25-410E-93A2-1D8050FE7A5B}.Release|Any CPU.ActiveCfg = Release|Any CPU
		{7E1C440D-5A25-410E-93A2-1D8050FE7A5B}.Release|Any CPU.Build.0 = Release|Any CPU
		{36A92953-F5BA-4EF6-A014-8A74B57C4EC1}.Debug|Any CPU.ActiveCfg = Debug|Any CPU
		{36A92953-F5BA-4EF6-A014-8A74B57C4EC1}.Debug|Any CPU.Build.0 = Debug|Any CPU
		{36A92953-F5BA-4EF6-A014-8A74B57C4EC1}.Release|Any CPU.ActiveCfg = Release|Any CPU
		{36A92953-F5BA-4EF6-A014-8A74B57C4EC1}.Release|Any CPU.Build.0 = Release|Any CPU
		{22ED6D99-3B7E-4F69-BEC9-754DFEB744BF}.Debug|Any CPU.ActiveCfg = Debug|Any CPU
		{22ED6D99-3B7E-4F69-BEC9-754DFEB744BF}.Debug|Any CPU.Build.0 = Debug|Any CPU
		{22ED6D99-3B7E-4F69-BEC9-754DFEB744BF}.Release|Any CPU.ActiveCfg = Release|Any CPU
		{22ED6D99-3B7E-4F69-BEC9-754DFEB744BF}.Release|Any CPU.Build.0 = Release|Any CPU
	EndGlobalSection
	GlobalSection(SolutionProperties) = preSolution
		HideSolutionNode = FALSE
	EndGlobalSection
	GlobalSection(ExtensibilityGlobals) = postSolution
		SolutionGuid = {1B6AAA28-7DA1-43AC-A6DD-FEA4BF0CCB9B}
	EndGlobalSection
EndGlobal
